
Microsoft Visual Studio Solution File, Format Version 12.00
# Visual Studio Version 17
VisualStudioVersion = 17.8.34309.116
MinimumVisualStudioVersion = 10.0.40219.1
Project("{FAE04EC0-301F-11D3-BF4B-00C04F79EFBC}") = "ParrotsAPI2", "ParrotsAPI2.csproj", "{2ECF39A5-2789-43AB-A262-6B8D4395B898}"
EndProject
Global
	GlobalSection(SolutionConfigurationPlatforms) = preSolution
		Debug|Any CPU = Debug|Any CPU
		Release|Any CPU = Release|Any CPU
	EndGlobalSection
	GlobalSection(ProjectConfigurationPlatforms) = postSolution
		{2ECF39A5-2789-43AB-A262-6B8D4395B898}.Debug|Any CPU.ActiveCfg = Debug|Any CPU
		{2ECF39A5-2789-43AB-A262-6B8D4395B898}.Debug|Any CPU.Build.0 = Debug|Any CPU
		{2ECF39A5-2789-43AB-A262-6B8D4395B898}.Release|Any CPU.ActiveCfg = Release|Any CPU
		{2ECF39A5-2789-43AB-A262-6B8D4395B898}.Release|Any CPU.Build.0 = Release|Any CPU
	EndGlobalSection
	GlobalSection(SolutionProperties) = preSolution
		HideSolutionNode = FALSE
	EndGlobalSection
	GlobalSection(ExtensibilityGlobals) = postSolution
		SolutionGuid = {4A630AFF-151C-43BE-A0B2-430C5C501460}
	EndGlobalSection
EndGlobal
