Microsoft Visual Studio Solution File, Format Version 12.00
# Visual Studio Version 17
VisualStudioVersion = 17.5.2.0
MinimumVisualStudioVersion = 10.0.40219.1
Project("{FAE04EC0-301F-11D3-BF4B-00C04F79EFBC}") = "parrotsAPI2.Tests", "parrotsAPI2.Tests.csproj", "{FC07C8A6-B6A5-4B45-59DE-3175481998EE}"
EndProject
Global
	GlobalSection(SolutionConfigurationPlatforms) = preSolution
		Debug|Any CPU = Debug|Any CPU
		Release|Any CPU = Release|Any CPU
	EndGlobalSection
	GlobalSection(ProjectConfigurationPlatforms) = postSolution
		{FC07C8A6-B6A5-4B45-59DE-3175481998EE}.Debug|Any CPU.ActiveCfg = Debug|Any CPU
		{FC07C8A6-B6A5-4B45-59DE-3175481998EE}.Debug|Any CPU.Build.0 = Debug|Any CPU
		{FC07C8A6-B6A5-4B45-59DE-3175481998EE}.Release|Any CPU.ActiveCfg = Release|Any CPU
		{FC07C8A6-B6A5-4B45-59DE-3175481998EE}.Release|Any CPU.Build.0 = Release|Any CPU
	EndGlobalSection
	GlobalSection(SolutionProperties) = preSolution
		HideSolutionNode = FALSE
	EndGlobalSection
	GlobalSection(ExtensibilityGlobals) = postSolution
		SolutionGuid = {DDC0BD34-F609-443F-B74C-AA5AB32BCADE}
	EndGlobalSection
EndGlobal
